
Microsoft Visual Studio Solution File, Format Version 12.00
# Visual Studio 15
VisualStudioVersion = 15.0.28010.2046
MinimumVisualStudioVersion = 10.0.40219.1
Project("{9A19103F-16F7-4668-BE54-9A1E7A4F7556}") = "HelloWorldTypeScript", "HelloWorldTypeScript\HelloWorldTypeScript.csproj", "{A040FD8E-0076-47BF-9EF7-90E9634B439F}"
EndProject
Global
	GlobalSection(SolutionConfigurationPlatforms) = preSolution
		Debug|Any CPU = Debug|Any CPU
		Release|Any CPU = Release|Any CPU
	EndGlobalSection
	GlobalSection(ProjectConfigurationPlatforms) = postSolution
		{A040FD8E-0076-47BF-9EF7-90E9634B439F}.Debug|Any CPU.ActiveCfg = Debug|Any CPU
		{A040FD8E-0076-47BF-9EF7-90E9634B439F}.Debug|Any CPU.Build.0 = Debug|Any CPU
		{A040FD8E-0076-47BF-9EF7-90E9634B439F}.Release|Any CPU.ActiveCfg = Release|Any CPU
		{A040FD8E-0076-47BF-9EF7-90E9634B439F}.Release|Any CPU.Build.0 = Release|Any CPU
	EndGlobalSection
	GlobalSection(SolutionProperties) = preSolution
		HideSolutionNode = FALSE
	EndGlobalSection
	GlobalSection(ExtensibilityGlobals) = postSolution
		SolutionGuid = {3B527451-206F-48A9-8649-4AF75FEA65F4}
	EndGlobalSection
EndGlobal
